<?xml version="1.0" encoding="UTF-8"?>
<CONFIG>
  <ProjectOptions>
    <Version Value="12"/>
    <PathDelim Value="\"/>
    <General>
      <Flags>
        <MainUnitHasCreateFormStatements Value="True"/>
        <MainUnitHasTitleStatement Value="True"/>
      </Flags>
      <SessionStorage Value="InProjectDir"/>
      <Title Value="Sala Reunião Desktop"/>
      <UseAppBundle Value="False"/>
      <ResourceType Value="res"/>
    </General>
    <BuildModes Count="1">
      <Item1 Name="Default" Default="True"/>
    </BuildModes>
    <Units Count="9">
      <Unit0>
        <Filename Value="SalaReuniaoDesktop.lpr"/>
        <IsPartOfProject Value="True"/>
        <UnitName Value="SalaReuniaoDesktop"/>
      </Unit0>
      <Unit1>
        <Filename Value="uMain.pas"/>
        <IsPartOfProject Value="True"/>
        <UnitName Value="uMain"/>
      </Unit1>
      <Unit2>
        <Filename Value="uApiClient.pas"/>
        <IsPartOfProject Value="True"/>
        <UnitName Value="uApiClient"/>
      </Unit2>
      <Unit3>
        <Filename Value="uAppConfig.pas"/>
        <IsPartOfProject Value="True"/>
        <UnitName Value="uAppConfig"/>
      </Unit3>
      <Unit4>
        <Filename Value="uInvites.pas"/>
        <IsPartOfProject Value="True"/>
        <UnitName Value="uInvites"/>
      </Unit4>
      <Unit5>
        <Filename Value="uMeetingView.pas"/>
        <IsPartOfProject Value="True"/>
        <UnitName Value="uMeetingView"/>
      </Unit5>
      <Unit6>
        <Filename Value="uUpdater.pas"/>
        <IsPartOfProject Value="True"/>
        <UnitName Value="uUpdater"/>
      </Unit6>
      <Unit7>
        <Filename Value="uVersion.pas"/>
        <IsPartOfProject Value="True"/>
        <UnitName Value="uVersion"/>
      </Unit7>
      <Unit8>
        <Filename Value="uDesktopNotify.pas"/>
        <IsPartOfProject Value="True"/>
        <UnitName Value="uDesktopNotify"/>
      </Unit8>
    </Units>
  </ProjectOptions>
  <CompilerOptions>
    <Version Value="11"/>
    <PathDelim Value="\"/>
    <Target>
      <Filename Value="bin/SalaReuniaoDesktop"/>
    </Target>
    <SearchPaths>
      <IncludeFiles Value="$(ProjOutDir)"/>
      <UnitOutputDirectory Value="lib/$(TargetCPU)-$(TargetOS)"/>
    </SearchPaths>
    <CodeGeneration>
      <SmartLinkUnit Value="True"/>
      <Optimizations>
        <OptimizationLevel Value="2"/>
      </Optimizations>
    </CodeGeneration>
    <Linking>
      <Debugging>
        <GenerateDebugInfo Value="True"/>
      </Debugging>
      <Options>
        <Win32>
          <GraphicApplication Value="True"/>
        </Win32>
      </Options>
    </Linking>
  </CompilerOptions>
</CONFIG>
